
Microsoft Visual Studio Solution File, Format Version 12.00
# Visual Studio Version 16
VisualStudioVersion = 16.0.31205.134
MinimumVisualStudioVersion = 10.0.40219.1
Project("{FAE04EC0-301F-11D3-BF4B-00C04F79EFBC}") = "WebApplication", "WebApplication.csproj", "{B9135999-52B5-4AFF-B08F-75E4E7DD3131}"
EndProject
Global
	GlobalSection(SolutionConfigurationPlatforms) = preSolution
		Debug|Any CPU = Debug|Any CPU
		Release|Any CPU = Release|Any CPU
	EndGlobalSection
	GlobalSection(ProjectConfigurationPlatforms) = postSolution
		{B9135999-52B5-4AFF-B08F-75E4E7DD3131}.Debug|Any CPU.ActiveCfg = Debug|Any CPU
		{B9135999-52B5-4AFF-B08F-75E4E7DD3131}.Debug|Any CPU.Build.0 = Debug|Any CPU
		{B9135999-52B5-4AFF-B08F-75E4E7DD3131}.Release|Any CPU.ActiveCfg = Release|Any CPU
		{B9135999-52B5-4AFF-B08F-75E4E7DD3131}.Release|Any CPU.Build.0 = Release|Any CPU
	EndGlobalSection
	GlobalSection(SolutionProperties) = preSolution
		HideSolutionNode = FALSE
	EndGlobalSection
	GlobalSection(ExtensibilityGlobals) = postSolution
		SolutionGuid = {74A1B615-294B-4CB1-AB3A-949A7A94B8A4}
	EndGlobalSection
EndGlobal
